schema: '2.0'
stages:
  mystage:
    cmd: python train.py
    deps:
    - path: data
      md5: c2ac648498b0ace24058d40a72aef4e8.dir
      size: 53504810
      nfiles: 4
    - path: train.py
      md5: 70544c47dfb32e50c3183e93993a9355
      size: 893
    outs:
    - path: loss.csv
      md5: 0e5a63d31e901562f07374a96182cf0e
      size: 667
    - path: metrics.json
      md5: 9cda209f1f0864c632904a270e77b995
      size: 83
