schema: '2.0'
stages:
  mystage:
    cmd: python train.py
    deps:
    - path: data
      md5: c2ac648498b0ace24058d40a72aef4e8.dir
      size: 53504810
      nfiles: 4
    - path: train.py
      md5: 5514d312db02c39ab829a7b105fd3737
      size: 893
    outs:
    - path: loss.csv
      md5: fc1c879cc952b8a54a293f551cd65ffe
      size: 278
    - path: metrics.json
      md5: 468f169d297976ad856f0be42bb7764b
      size: 83
