schema: '2.0'
stages:
  mystage:
    cmd: python train.py
    deps:
    - path: data
      md5: c2ac648498b0ace24058d40a72aef4e8.dir
      size: 53504810
      nfiles: 4
    - path: train.py
      md5: 192e7410c981f409cdccb34b86f96030
      size: 893
    outs:
    - path: loss.csv
      md5: 70944586c3aea5b4bbfe6dbc684dd74b
      size: 508
    - path: metrics.json
      md5: fd0c8585b2881da05b58166af806b2a9
      size: 83
